
Microsoft Visual Studio Solution File, Format Version 12.00
# Visual Studio Version 17
VisualStudioVersion = 17.1.32421.90
MinimumVisualStudioVersion = 10.0.40219.1
Project("{FAE04EC0-301F-11D3-BF4B-00C04F79EFBC}") = "RunYourMod", "RunYourMod\RunYourMod.csproj", "{CE784D00-E474-4C13-AA4A-BAA3DF377F01}"
EndProject
Project("{9A19103F-16F7-4668-BE54-9A1E7A4F7556}") = "YourMod", "YourMod\YourMod.csproj", "{345BE3CD-811F-46C5-A201-31DBE8FAC071}"
EndProject
Global
	GlobalSection(SolutionConfigurationPlatforms) = preSolution
		Debug|Any CPU = Debug|Any CPU
		Release|Any CPU = Release|Any CPU
	EndGlobalSection
	GlobalSection(ProjectConfigurationPlatforms) = postSolution
		{345BE3CD-811F-46C5-A201-31DBE8FAC071}.Debug|Any CPU.ActiveCfg = Debug|Any CPU
		{345BE3CD-811F-46C5-A201-31DBE8FAC071}.Debug|Any CPU.Build.0 = Debug|Any CPU
		{345BE3CD-811F-46C5-A201-31DBE8FAC071}.Release|Any CPU.ActiveCfg = Release|Any CPU
		{345BE3CD-811F-46C5-A201-31DBE8FAC071}.Release|Any CPU.Build.0 = Release|Any CPU
		{CE784D00-E474-4C13-AA4A-BAA3DF377F01}.Debug|Any CPU.ActiveCfg = Debug|Any CPU
		{CE784D00-E474-4C13-AA4A-BAA3DF377F01}.Debug|Any CPU.Build.0 = Debug|Any CPU
		{CE784D00-E474-4C13-AA4A-BAA3DF377F01}.Release|Any CPU.ActiveCfg = Release|Any CPU
		{CE784D00-E474-4C13-AA4A-BAA3DF377F01}.Release|Any CPU.Build.0 = Release|Any CPU
	EndGlobalSection
	GlobalSection(SolutionProperties) = preSolution
		HideSolutionNode = FALSE
	EndGlobalSection
	GlobalSection(ExtensibilityGlobals) = postSolution
		SolutionGuid = {758C3017-F01C-4636-AC46-072185470CAC}
	EndGlobalSection
EndGlobal
